
Microsoft Visual Studio Solution File, Format Version 12.00
# Visual Studio Version 16
VisualStudioVersion = 16.0.29709.97
MinimumVisualStudioVersion = 10.0.40219.1
Project("{FAE04EC0-301F-11D3-BF4B-00C04F79EFBC}") = "HelloWorld", "HelloWorld.csproj", "{5F31ABD8-95D2-4EEB-8835-6D7CAE4D8E11}"
EndProject
Global
	GlobalSection(SolutionConfigurationPlatforms) = preSolution
		Debug|Any CPU = Debug|Any CPU
		Release|Any CPU = Release|Any CPU
	EndGlobalSection
	GlobalSection(ProjectConfigurationPlatforms) = postSolution
		{5F31ABD8-95D2-4EEB-8835-6D7CAE4D8E11}.Debug|Any CPU.ActiveCfg = Debug|Any CPU
		{5F31ABD8-95D2-4EEB-8835-6D7CAE4D8E11}.Debug|Any CPU.Build.0 = Debug|Any CPU
		{5F31ABD8-95D2-4EEB-8835-6D7CAE4D8E11}.Release|Any CPU.ActiveCfg = Release|Any CPU
		{5F31ABD8-95D2-4EEB-8835-6D7CAE4D8E11}.Release|Any CPU.Build.0 = Release|Any CPU
	EndGlobalSection
	GlobalSection(SolutionProperties) = preSolution
		HideSolutionNode = FALSE
	EndGlobalSection
	GlobalSection(ExtensibilityGlobals) = postSolution
		SolutionGuid = {4A37122E-33EB-4361-9E90-1B017131CF78}
	EndGlobalSection
EndGlobal
